
Microsoft Visual Studio Solution File, Format Version 12.00
# Visual Studio 14
VisualStudioVersion = 14.0.25420.1
MinimumVisualStudioVersion = 10.0.40219.1
Project("{8BC9CEB8-8B4A-11D0-8D11-00A0C91BC942}") = "Client", "Client\Client.vcxproj", "{54C02C90-2A32-4291-B85A-F0094E20E0AF}"
EndProject
Project("{8BC9CEB8-8B4A-11D0-8D11-00A0C91BC942}") = "Server", "Server\Server.vcxproj", "{A023B2C0-2F8C-4EFE-9480-B45746F3E416}"
EndProject
Global
	GlobalSection(SolutionConfigurationPlatforms) = preSolution
		Debug|x64 = Debug|x64
		Debug|x86 = Debug|x86
		Release|x64 = Release|x64
		Release|x86 = Release|x86
	EndGlobalSection
	GlobalSection(ProjectConfigurationPlatforms) = postSolution
		{54C02C90-2A32-4291-B85A-F0094E20E0AF}.Debug|x64.ActiveCfg = Debug|x64
		{54C02C90-2A32-4291-B85A-F0094E20E0AF}.Debug|x64.Build.0 = Debug|x64
		{54C02C90-2A32-4291-B85A-F0094E20E0AF}.Debug|x86.ActiveCfg = Debug|Win32
		{54C02C90-2A32-4291-B85A-F0094E20E0AF}.Debug|x86.Build.0 = Debug|Win32
		{54C02C90-2A32-4291-B85A-F0094E20E0AF}.Release|x64.ActiveCfg = Release|x64
		{54C02C90-2A32-4291-B85A-F0094E20E0AF}.Release|x64.Build.0 = Release|x64
		{54C02C90-2A32-4291-B85A-F0094E20E0AF}.Release|x86.ActiveCfg = Release|Win32
		{54C02C90-2A32-4291-B85A-F0094E20E0AF}.Release|x86.Build.0 = Release|Win32
		{A023B2C0-2F8C-4EFE-9480-B45746F3E416}.Debug|x64.ActiveCfg = Debug|x64
		{A023B2C0-2F8C-4EFE-9480-B45746F3E416}.Debug|x64.Build.0 = Debug|x64
		{A023B2C0-2F8C-4EFE-9480-B45746F3E416}.Debug|x86.ActiveCfg = Debug|Win32
		{A023B2C0-2F8C-4EFE-9480-B45746F3E416}.Debug|x86.Build.0 = Debug|Win32
		{A023B2C0-2F8C-4EFE-9480-B45746F3E416}.Release|x64.ActiveCfg = Release|x64
		{A023B2C0-2F8C-4EFE-9480-B45746F3E416}.Release|x64.Build.0 = Release|x64
		{A023B2C0-2F8C-4EFE-9480-B45746F3E416}.Release|x86.ActiveCfg = Release|Win32
		{A023B2C0-2F8C-4EFE-9480-B45746F3E416}.Release|x86.Build.0 = Release|Win32
	EndGlobalSection
	GlobalSection(SolutionProperties) = preSolution
		HideSolutionNode = FALSE
	EndGlobalSection
EndGlobal
