<?xml version="1.0" encoding="utf-8"?>
<Project ToolsVersion="4.0" xmlns="http://schemas.microsoft.com/developer/msbuild/2003">
  <ItemGroup>
    <Filter Include="Source Files">
      <UniqueIdentifier>{4FC737F1-C7A5-4376-A066-2A32D752A2FF}</UniqueIdentifier>
      <Extensions>cpp;c;cc;cxx;def;odl;idl;hpj;bat;asm;asmx</Extensions>
    </Filter>
    <Filter Include="Header Files">
      <UniqueIdentifier>{93995380-89BD-4b04-88EB-625FBE52EBFB}</UniqueIdentifier>
      <Extensions>h;hh;hpp;hxx;hm;inl;inc;xsd</Extensions>
    </Filter>
    <Filter Include="Resource Files">
      <UniqueIdentifier>{67DA6AB6-F800-4c08-8B7A-83BB121AAD01}</UniqueIdentifier>
      <Extensions>rc;ico;cur;bmp;dlg;rc2;rct;bin;rgs;gif;jpg;jpeg;jpe;resx;tiff;tif;png;wav;mfcribbon-ms</Extensions>
    </Filter>
    <Filter Include="utility">
      <UniqueIdentifier>{ea4ee971-65c6-4a24-b854-409e6c30b5d0}</UniqueIdentifier>
    </Filter>
    <Filter Include="log">
      <UniqueIdentifier>{fdd36a61-3317-4ee2-b72c-e94823bda862}</UniqueIdentifier>
    </Filter>
  </ItemGroup>
  <ItemGroup>
    <Text Include="ReadMe.txt" />
  </ItemGroup>
  <ItemGroup>
    <ClInclude Include="stdafx.h">
      <Filter>Header Files</Filter>
    </ClInclude>
    <ClInclude Include="targetver.h">
      <Filter>Header Files</Filter>
    </ClInclude>
    <ClInclude Include="H5_Wrapper.h">
      <Filter>Header Files</Filter>
    </ClInclude>
    <ClInclude Include="Log.h">
      <Filter>log</Filter>
    </ClInclude>
    <ClInclude Include="Utility.h">
      <Filter>utility</Filter>
    </ClInclude>
    <ClInclude Include="Hdf5_Wrapper.h">
      <Filter>Header Files</Filter>
    </ClInclude>
    <ClInclude Include="DataTypeFactory.h">
      <Filter>Header Files</Filter>
    </ClInclude>
    <ClInclude Include="ConverEncode.h">
      <Filter>utility</Filter>
    </ClInclude>
    <ClInclude Include="Authenticate.h">
      <Filter>Header Files</Filter>
    </ClInclude>
  </ItemGroup>
  <ItemGroup>
    <ClCompile Include="stdafx.cpp">
      <Filter>Source Files</Filter>
    </ClCompile>
    <ClCompile Include="Hdf5_Wrapper.cpp">
      <Filter>Source Files</Filter>
    </ClCompile>
    <ClCompile Include="dllmain.cpp">
      <Filter>Source Files</Filter>
    </ClCompile>
    <ClCompile Include="H5_Wrapper.cpp">
      <Filter>Source Files</Filter>
    </ClCompile>
    <ClCompile Include="Log.cpp">
      <Filter>log</Filter>
    </ClCompile>
    <ClCompile Include="Utility.cpp">
      <Filter>utility</Filter>
    </ClCompile>
    <ClCompile Include="DataTypeFactory.cpp">
      <Filter>Source Files</Filter>
    </ClCompile>
    <ClCompile Include="ConverEncode.cpp">
      <Filter>utility</Filter>
    </ClCompile>
    <ClCompile Include="Authenticate.cpp">
      <Filter>Source Files</Filter>
    </ClCompile>
  </ItemGroup>
  <ItemGroup>
    <None Include="Hdf5_Wrapper.def">
      <Filter>Source Files</Filter>
    </None>
  </ItemGroup>
</Project>